
Microsoft Visual Studio Solution File, Format Version 12.00
# Visual Studio 2012
Project("{FAE04EC0-301F-11D3-BF4B-00C04F79EFBC}") = "PacDbg", "PacDbg\PacDbg.csproj", "{8DDFE275-A8D2-44E1-946E-08CFD3BDE685}"
EndProject
Project("{FAE04EC0-301F-11D3-BF4B-00C04F79EFBC}") = "CustomProxyBrowser", "CustomProxyBrowser\CustomProxyBrowser.csproj", "{1FFA7614-BC5B-46E9-8630-7D41FED09876}"
EndProject
Project("{FAE04EC0-301F-11D3-BF4B-00C04F79EFBC}") = "SetProxy", "SetProxy\SetProxy.csproj", "{55108222-AED5-476B-BF00-E3064800ADA7}"
EndProject
Global
	GlobalSection(SolutionConfigurationPlatforms) = preSolution
		Debug|Any CPU = Debug|Any CPU
		Debug|x86 = Debug|x86
		Release|Any CPU = Release|Any CPU
		Release|x86 = Release|x86
	EndGlobalSection
	GlobalSection(ProjectConfigurationPlatforms) = postSolution
		{8DDFE275-A8D2-44E1-946E-08CFD3BDE685}.Debug|Any CPU.ActiveCfg = Debug|x86
		{8DDFE275-A8D2-44E1-946E-08CFD3BDE685}.Debug|Any CPU.Build.0 = Debug|x86
		{8DDFE275-A8D2-44E1-946E-08CFD3BDE685}.Debug|x86.ActiveCfg = Debug|x86
		{8DDFE275-A8D2-44E1-946E-08CFD3BDE685}.Debug|x86.Build.0 = Debug|x86
		{8DDFE275-A8D2-44E1-946E-08CFD3BDE685}.Release|Any CPU.ActiveCfg = Release|Any CPU
		{8DDFE275-A8D2-44E1-946E-08CFD3BDE685}.Release|Any CPU.Build.0 = Release|Any CPU
		{8DDFE275-A8D2-44E1-946E-08CFD3BDE685}.Release|x86.ActiveCfg = Release|x86
		{8DDFE275-A8D2-44E1-946E-08CFD3BDE685}.Release|x86.Build.0 = Release|x86
		{1FFA7614-BC5B-46E9-8630-7D41FED09876}.Debug|Any CPU.ActiveCfg = Debug|Any CPU
		{1FFA7614-BC5B-46E9-8630-7D41FED09876}.Debug|Any CPU.Build.0 = Debug|Any CPU
		{1FFA7614-BC5B-46E9-8630-7D41FED09876}.Debug|x86.ActiveCfg = Debug|x86
		{1FFA7614-BC5B-46E9-8630-7D41FED09876}.Debug|x86.Build.0 = Debug|x86
		{1FFA7614-BC5B-46E9-8630-7D41FED09876}.Release|Any CPU.ActiveCfg = Release|Any CPU
		{1FFA7614-BC5B-46E9-8630-7D41FED09876}.Release|Any CPU.Build.0 = Release|Any CPU
		{1FFA7614-BC5B-46E9-8630-7D41FED09876}.Release|x86.ActiveCfg = Release|x86
		{1FFA7614-BC5B-46E9-8630-7D41FED09876}.Release|x86.Build.0 = Release|x86
		{55108222-AED5-476B-BF00-E3064800ADA7}.Debug|Any CPU.ActiveCfg = Debug|Any CPU
		{55108222-AED5-476B-BF00-E3064800ADA7}.Debug|Any CPU.Build.0 = Debug|Any CPU
		{55108222-AED5-476B-BF00-E3064800ADA7}.Debug|x86.ActiveCfg = Debug|x86
		{55108222-AED5-476B-BF00-E3064800ADA7}.Debug|x86.Build.0 = Debug|x86
		{55108222-AED5-476B-BF00-E3064800ADA7}.Release|Any CPU.ActiveCfg = Release|Any CPU
		{55108222-AED5-476B-BF00-E3064800ADA7}.Release|Any CPU.Build.0 = Release|Any CPU
		{55108222-AED5-476B-BF00-E3064800ADA7}.Release|x86.ActiveCfg = Release|x86
		{55108222-AED5-476B-BF00-E3064800ADA7}.Release|x86.Build.0 = Release|x86
	EndGlobalSection
	GlobalSection(SolutionProperties) = preSolution
		HideSolutionNode = FALSE
	EndGlobalSection
EndGlobal
